{
  "lockfile_version": "1",
  "packages": {
    "buf@latest": {
      "last_modified": "2025-03-11T17:52:14Z",
      "resolved": "github:NixOS/nixpkgs/0d534853a55b5d02a4ababa1d71921ce8f0aee4c#buf",
      "source": "devbox-search",
      "version": "1.50.1",
      "systems": {
        "aarch64-darwin": {
          "outputs": [
            {
              "name": "out",
              "path": "/nix/store/8ash7kx8qxzc3n93zb6ags6h891zkp12-buf-1.50.1",
              "default": true
            }
          ],
          "store_path": "/nix/store/8ash7kx8qxzc3n93zb6ags6h891zkp12-buf-1.50.1"
        },
        "aarch64-linux": {
          "outputs": [
            {
              "name": "out",
              "path": "/nix/store/s6jn1xafyb1i9cqipc4wyqja8907221x-buf-1.50.1",
              "default": true
            }
          ],
          "store_path": "/nix/store/s6jn1xafyb1i9cqipc4wyqja8907221x-buf-1.50.1"
        },
        "x86_64-darwin": {
          "outputs": [
            {
              "name": "out",
              "path": "/nix/store/g4rcy7ynp1hml4kxgg45528b7l12r45z-buf-1.50.1",
              "default": true
            }
          ],
          "store_path": "/nix/store/g4rcy7ynp1hml4kxgg45528b7l12r45z-buf-1.50.1"
        },
        "x86_64-linux": {
          "outputs": [
            {
              "name": "out",
              "path": "/nix/store/m8wma6hcc6j109j4ahczfm00q651jq2s-buf-1.50.1",
              "default": true
            }
          ],
          "store_path": "/nix/store/m8wma6hcc6j109j4ahczfm00q651jq2s-buf-1.50.1"
        }
      }
    },
    "gnostic@latest": {
      "last_modified": "2025-03-11T17:52:14Z",
      "resolved": "github:NixOS/nixpkgs/0d534853a55b5d02a4ababa1d71921ce8f0aee4c#gnostic",
      "source": "devbox-search",
      "version": "0.7.0",
      "systems": {
        "aarch64-darwin": {
          "outputs": [
            {
              "name": "out",
              "path": "/nix/store/z9hk13nscx8fz86f5ghgflgrzmwapwx8-gnostic-0.7.0",
              "default": true
            }
          ],
          "store_path": "/nix/store/z9hk13nscx8fz86f5ghgflgrzmwapwx8-gnostic-0.7.0"
        },
        "aarch64-linux": {
          "outputs": [
            {
              "name": "out",
              "path": "/nix/store/qxga6a9frq4sqw4i99gfvw729nsc16xs-gnostic-0.7.0",
              "default": true
            }
          ],
          "store_path": "/nix/store/qxga6a9frq4sqw4i99gfvw729nsc16xs-gnostic-0.7.0"
        },
        "x86_64-darwin": {
          "outputs": [
            {
              "name": "out",
              "path": "/nix/store/32n8ly11ki2vdywxghhbxzr4rnvvjwl3-gnostic-0.7.0",
              "default": true
            }
          ],
          "store_path": "/nix/store/32n8ly11ki2vdywxghhbxzr4rnvvjwl3-gnostic-0.7.0"
        },
        "x86_64-linux": {
          "outputs": [
            {
              "name": "out",
              "path": "/nix/store/i650g3nzrdc08344rjkxy825986ck8in-gnostic-0.7.0",
              "default": true
            }
          ],
          "store_path": "/nix/store/i650g3nzrdc08344rjkxy825986ck8in-gnostic-0.7.0"
        }
      }
    },
    "go@latest": {
      "last_modified": "2025-03-11T17:52:14Z",
      "resolved": "github:NixOS/nixpkgs/0d534853a55b5d02a4ababa1d71921ce8f0aee4c#go",
      "source": "devbox-search",
      "version": "1.24.1",
      "systems": {
        "aarch64-darwin": {
          "outputs": [
            {
              "name": "out",
              "path": "/nix/store/ja4jxx60lh1qfqfl4z4p2rff56ia1c3c-go-1.24.1",
              "default": true
            }
          ],
          "store_path": "/nix/store/ja4jxx60lh1qfqfl4z4p2rff56ia1c3c-go-1.24.1"
        },
        "aarch64-linux": {
          "outputs": [
            {
              "name": "out",
              "path": "/nix/store/8ply43gnxk1xwichr81mpgbjcd9a1y5w-go-1.24.1",
              "default": true
            }
          ],
          "store_path": "/nix/store/8ply43gnxk1xwichr81mpgbjcd9a1y5w-go-1.24.1"
        },
        "x86_64-darwin": {
          "outputs": [
            {
              "name": "out",
              "path": "/nix/store/87yxrfx5lh78bdz393i33cr5z23x06q4-go-1.24.1",
              "default": true
            }
          ],
          "store_path": "/nix/store/87yxrfx5lh78bdz393i33cr5z23x06q4-go-1.24.1"
        },
        "x86_64-linux": {
          "outputs": [
            {
              "name": "out",
              "path": "/nix/store/cfjhl0kn7xc65466pha9fkrvigw3g72n-go-1.24.1",
              "default": true
            }
          ],
          "store_path": "/nix/store/cfjhl0kn7xc65466pha9fkrvigw3g72n-go-1.24.1"
        }
      }
    },
    "protobuf@latest": {
      "last_modified": "2025-03-11T17:52:14Z",
      "resolved": "github:NixOS/nixpkgs/0d534853a55b5d02a4ababa1d71921ce8f0aee4c#protobuf",
      "source": "devbox-search",
      "version": "29.3",
      "systems": {
        "aarch64-darwin": {
          "outputs": [
            {
              "name": "out",
              "path": "/nix/store/58jn4whaqazv0s1q8h7j8hhjm60jnwg1-protobuf-29.3",
              "default": true
            }
          ],
          "store_path": "/nix/store/58jn4whaqazv0s1q8h7j8hhjm60jnwg1-protobuf-29.3"
        },
        "aarch64-linux": {
          "outputs": [
            {
              "name": "out",
              "path": "/nix/store/p795f29nbbn6yf844wgkcwcyyb6i4npa-protobuf-29.3",
              "default": true
            }
          ],
          "store_path": "/nix/store/p795f29nbbn6yf844wgkcwcyyb6i4npa-protobuf-29.3"
        },
        "x86_64-darwin": {
          "outputs": [
            {
              "name": "out",
              "path": "/nix/store/m9i04qsxlf4nysnj8x37aj1ff7nkpbgb-protobuf-29.3",
              "default": true
            }
          ],
          "store_path": "/nix/store/m9i04qsxlf4nysnj8x37aj1ff7nkpbgb-protobuf-29.3"
        },
        "x86_64-linux": {
          "outputs": [
            {
              "name": "out",
              "path": "/nix/store/pd7bmq5fhw9wr91apvci6igkhwr291f0-protobuf-29.3",
              "default": true
            }
          ],
          "store_path": "/nix/store/pd7bmq5fhw9wr91apvci6igkhwr291f0-protobuf-29.3"
        }
      }
    },
    "sass@latest": {
      "last_modified": "2025-07-28T17:09:23Z",
      "resolved": "github:NixOS/nixpkgs/648f70160c03151bc2121d179291337ad6bc564b#sass",
      "source": "devbox-search",
      "version": "3.7.4",
      "systems": {
        "aarch64-darwin": {
          "outputs": [
            {
              "name": "out",
              "path": "/nix/store/k3hrnzh040p4n22agvj4p0fqfajd6db4-sass-3.7.4",
              "default": true
            }
          ],
          "store_path": "/nix/store/k3hrnzh040p4n22agvj4p0fqfajd6db4-sass-3.7.4"
        },
        "aarch64-linux": {
          "outputs": [
            {
              "name": "out",
              "path": "/nix/store/hfrd0zx4vmximdgbnkj4dcnk1cd37bga-sass-3.7.4",
              "default": true
            }
          ],
          "store_path": "/nix/store/hfrd0zx4vmximdgbnkj4dcnk1cd37bga-sass-3.7.4"
        },
        "x86_64-darwin": {
          "outputs": [
            {
              "name": "out",
              "path": "/nix/store/w3vim5gp23qci1sgcrf541vgmhq432pp-sass-3.7.4",
              "default": true
            }
          ],
          "store_path": "/nix/store/w3vim5gp23qci1sgcrf541vgmhq432pp-sass-3.7.4"
        },
        "x86_64-linux": {
          "outputs": [
            {
              "name": "out",
              "path": "/nix/store/cjhbgwazk8743v0jyni3q0q0qv2f3s81-sass-3.7.4",
              "default": true
            }
          ],
          "store_path": "/nix/store/cjhbgwazk8743v0jyni3q0q0qv2f3s81-sass-3.7.4"
        }
      }
    }
  }
}
