# THIS IS AN AUTOGENERATED FILE. DO NOT EDIT THIS FILE DIRECTLY.
# yarn lockfile v1


"@next/font@^13.0.7":
  version "13.0.7"
  resolved "https://registry.yarnpkg.com/@next/font/-/font-13.0.7.tgz#e0046376edb0ce592d9cfddea8f4ab321eb1515a"
  integrity sha512-39SzuoMI6jbrIzPs3KtXdKX03OrVp6Y7kRHcoVmOg69spiBzruPJ5x5DQSfN+OXqznbvVBNZBXnmdnSqs3qXiA==
