# Generated by buf. DO NOT EDIT.
version: v1
deps:
  - remote: buf.build
    owner: envoyproxy
    repository: protoc-gen-validate
    commit: 45685e052c7e406b9fbd441fc7a568a5
  - remote: buf.build
    owner: googleapis
    repository: googleapis
    commit: d1263fe26f8e430a967dc22a4d0cad18
  - remote: buf.build
    owner: grpc-ecosystem
    repository: grpc-gateway
    commit: b96615cde70c403f8075c48e56178f88
