# Generated by buf. DO NOT EDIT.
version: v1
deps:
  - remote: buf.build
    owner: envoyproxy
    repository: protoc-gen-validate
    commit: daf171c6cdb54629b5f51e345a79e4dd
    digest: shake256:4ae167d7eed10da5f83a3f5df8c670d249170f11b1f2fd19afda06be2cff4d47dcc95e9e4a15151ecc8ce2d3d3614caf9a04d3ad82fb768a3870dedfa9455f36
  - remote: buf.build
    owner: gnostic
    repository: gnostic
    commit: 087bc8072ce44e339f213209e4d57bf0
    digest: shake256:4689c26f0460fea84c4c277c1b9c7e7d657388c5b4116d1065f907a92100ffbea87de05bbd138a0166411361e1f6ce063b4c0c6002358d39710f3c4a8de788d5
  - remote: buf.build
    owner: googleapis
    repository: googleapis
    commit: 004180b77378443887d3b55cabc00384
    digest: shake256:d26c7c2fd95f0873761af33ca4a0c0d92c8577122b6feb74eb3b0a57ebe47a98ab24a209a0e91945ac4c77204e9da0c2de0020b2cedc27bdbcdea6c431eec69b
  - remote: buf.build
    owner: grpc-ecosystem
    repository: grpc-gateway
    commit: 4c5ba75caaf84e928b7137ae5c18c26a
    digest: shake256:e174ad9408f3e608f6157907153ffec8d310783ee354f821f57178ffbeeb8faa6bb70b41b61099c1783c82fe16210ebd1279bc9c9ee6da5cffba9f0e675b8b99
