# Generated by buf. DO NOT EDIT.
version: v1
deps:
  - remote: buf.build
    owner: envoyproxy
    repository: protoc-gen-validate
    commit: 6607b10f00ed4a3d98f906807131c44a
  - remote: buf.build
    owner: googleapis
    repository: googleapis
    commit: 75b4300737fb4efca0831636be94e517
  - remote: buf.build
    owner: grpc-ecosystem
    repository: grpc-gateway
    commit: a1ecdc58eccd49aa8bea2a7a9022dc27
